PODS:
  - Alamofire (5.6.1)
  - KeychainSwift (20.0.0)
  - Kingfisher (6.3.1)
  - MemoryLeakTracker (1.0.0)
  - SnapKit (5.0.1)
  - SwiftGen (6.5.1)
  - TKGrid (1.1)

DEPENDENCIES:
  - Alamofire (~> 5.4)
  - KeychainSwift
  - Kingfisher
  - MemoryLeakTracker
  - SnapKit
  - SwiftGen
  - "TKGrid (from `git@git.technokratos.com:ios/tkgrid.git`)"

SPEC REPOS:
  trunk:
    - Alamofire
    - KeychainSwift
    - Kingfisher
    - MemoryLeakTracker
    - SnapKit
    - SwiftGen

EXTERNAL SOURCES:
  TKGrid:
    :git: "git@git.technokratos.com:ios/tkgrid.git"

CHECKOUT OPTIONS:
  TKGrid:
    :commit: 02da13e860f90c5e7fc03deaefa818b84bea7021
    :git: "git@git.technokratos.com:ios/tkgrid.git"

SPEC CHECKSUMS:
  Alamofire: 87bd8c952f9a4454320fce00d9cc3de57bcadaf5
  KeychainSwift: 0ce6a4d13f7228054d1a71bb1b500448fb2ab837
  Kingfisher: 016c8b653a35add51dd34a3aba36b580041acc74
  MemoryLeakTracker: 4b722e83297e09fe4af64002ec3e3ccaa9a555d1
  SnapKit: 97b92857e3df3a0c71833cce143274bf6ef8e5eb
  SwiftGen: a6d22010845f08fe18fbdf3a07a8e380fd22e0ea
  TKGrid: 1b1c3ec8fb1a08de1c4e56ae4bb7ea28ec697c56

PODFILE CHECKSUM: 6172528af86e3604feeb7b6e4c91b22beadb3f9c

COCOAPODS: 1.11.3
