// !$*UTF8*$!
{
	archiveVersion = 1;
	classes = {
	};
	objectVersion = 51;
	objects = {

/* Begin PBXBuildFile section */
		1C4D4E8858840910FD3E98E4 /* Pods_WatchLater_Kirillov_Prod.framework in Frameworks */ = {isa = PBXBuildFile; fileRef = A25704D2BA61AAE066FA2C57 /* Pods_WatchLater_Kirillov_Prod.framework */; };
		30314C9D265AA9FB00CADD41 /* WatchLater_Tests.swift in Sources */ = {isa = PBXBuildFile; fileRef = 30314C9C265AA9FB00CADD41 /* WatchLater_Tests.swift */; };
		30314CC8265AADB500CADD41 /* BaseViewController.swift in Sources */ = {isa = PBXBuildFile; fileRef = 30314CA8265AAA8900CADD41 /* BaseViewController.swift */; };
		30314CCC265AADB600CADD41 /* BaseViewController.swift in Sources */ = {isa = PBXBuildFile; fileRef = 30314CA8265AAA8900CADD41 /* BaseViewController.swift */; };
		30314CD2265AAE2100CADD41 /* Settings.bundle in Resources */ = {isa = PBXBuildFile; fileRef = 30314CD1265AAE2100CADD41 /* Settings.bundle */; };
		30314CDC265AAEE500CADD41 /* BundleSettingsURL.swift in Sources */ = {isa = PBXBuildFile; fileRef = 30314CDB265AAEE500CADD41 /* BundleSettingsURL.swift */; };
		30314CDD265AAEE500CADD41 /* BundleSettingsURL.swift in Sources */ = {isa = PBXBuildFile; fileRef = 30314CDB265AAEE500CADD41 /* BundleSettingsURL.swift */; };
		30314CE6265AAF3200CADD41 /* NetworkConfiguration.swift in Sources */ = {isa = PBXBuildFile; fileRef = 30314CE5265AAF3200CADD41 /* NetworkConfiguration.swift */; };
		30314CE7265AAF3200CADD41 /* NetworkConfiguration.swift in Sources */ = {isa = PBXBuildFile; fileRef = 30314CE5265AAF3200CADD41 /* NetworkConfiguration.swift */; };
		306BF31225FC8F7200E9B481 /* AppDelegate.swift in Sources */ = {isa = PBXBuildFile; fileRef = 306BF31125FC8F7200E9B481 /* AppDelegate.swift */; };
		306BF31B25FC8F7300E9B481 /* Assets.xcassets in Resources */ = {isa = PBXBuildFile; fileRef = 306BF31A25FC8F7300E9B481 /* Assets.xcassets */; };
		306BF31E25FC8F7300E9B481 /* LaunchScreen.storyboard in Resources */ = {isa = PBXBuildFile; fileRef = 306BF31C25FC8F7300E9B481 /* LaunchScreen.storyboard */; };
		3076A0882601D421003B0EF9 /* StoryboardScenes.swift in Sources */ = {isa = PBXBuildFile; fileRef = 3076A0862601D421003B0EF9 /* StoryboardScenes.swift */; };
		3076A0892601D421003B0EF9 /* StoryboardSegues.swift in Sources */ = {isa = PBXBuildFile; fileRef = 3076A0872601D421003B0EF9 /* StoryboardSegues.swift */; };
		3095A8BF25FC96BC0010B54A /* ViewModelConfigurable.swift in Sources */ = {isa = PBXBuildFile; fileRef = 3095A8BE25FC96BC0010B54A /* ViewModelConfigurable.swift */; };
		30D2F274260148EE000134EB /* Asset.swift in Sources */ = {isa = PBXBuildFile; fileRef = 30D2F270260148ED000134EB /* Asset.swift */; };
		30D2F275260148EE000134EB /* swiftgen.yml in Resources */ = {isa = PBXBuildFile; fileRef = 30D2F271260148EE000134EB /* swiftgen.yml */; };
		30D2F276260148EE000134EB /* Localizable.strings in Resources */ = {isa = PBXBuildFile; fileRef = 30D2F272260148EE000134EB /* Localizable.strings */; };
		30D2F277260148EE000134EB /* Texts.swift in Sources */ = {isa = PBXBuildFile; fileRef = 30D2F273260148EE000134EB /* Texts.swift */; };
		30F07FF2265A8746009B2398 /* StoryboardScenes.swift in Sources */ = {isa = PBXBuildFile; fileRef = 3076A0862601D421003B0EF9 /* StoryboardScenes.swift */; };
		30F07FF7265A8746009B2398 /* Texts.swift in Sources */ = {isa = PBXBuildFile; fileRef = 30D2F273260148EE000134EB /* Texts.swift */; };
		30F07FF8265A8746009B2398 /* StoryboardSegues.swift in Sources */ = {isa = PBXBuildFile; fileRef = 3076A0872601D421003B0EF9 /* StoryboardSegues.swift */; };
		30F07FFE265A8746009B2398 /* Asset.swift in Sources */ = {isa = PBXBuildFile; fileRef = 30D2F270260148ED000134EB /* Asset.swift */; };
		30F08000265A8746009B2398 /* AppDelegate.swift in Sources */ = {isa = PBXBuildFile; fileRef = 306BF31125FC8F7200E9B481 /* AppDelegate.swift */; };
		30F08008265A8746009B2398 /* ViewModelConfigurable.swift in Sources */ = {isa = PBXBuildFile; fileRef = 3095A8BE25FC96BC0010B54A /* ViewModelConfigurable.swift */; };
		30F0800E265A8746009B2398 /* Localizable.strings in Resources */ = {isa = PBXBuildFile; fileRef = 30D2F272260148EE000134EB /* Localizable.strings */; };
		30F0800F265A8746009B2398 /* LaunchScreen.storyboard in Resources */ = {isa = PBXBuildFile; fileRef = 306BF31C25FC8F7300E9B481 /* LaunchScreen.storyboard */; };
		30F08010265A8746009B2398 /* Assets.xcassets in Resources */ = {isa = PBXBuildFile; fileRef = 306BF31A25FC8F7300E9B481 /* Assets.xcassets */; };
		30F08012265A8746009B2398 /* swiftgen.yml in Resources */ = {isa = PBXBuildFile; fileRef = 30D2F271260148EE000134EB /* swiftgen.yml */; };
		7D058F18280DC0C800683C3C /* NetworkLayer.swift in Sources */ = {isa = PBXBuildFile; fileRef = 7D058F17280DC0C800683C3C /* NetworkLayer.swift */; };
		7D058F19280DC0C800683C3C /* NetworkLayer.swift in Sources */ = {isa = PBXBuildFile; fileRef = 7D058F17280DC0C800683C3C /* NetworkLayer.swift */; };
		7D0ACA9828096A2B00777442 /* RegistrationModel.swift in Sources */ = {isa = PBXBuildFile; fileRef = 7D0ACA9728096A2B00777442 /* RegistrationModel.swift */; };
		7D0ACA9928096A2B00777442 /* RegistrationModel.swift in Sources */ = {isa = PBXBuildFile; fileRef = 7D0ACA9728096A2B00777442 /* RegistrationModel.swift */; };
		7D112F8A2804641200BB7ECC /* SceneDelegate.swift in Sources */ = {isa = PBXBuildFile; fileRef = 7D112F892804641200BB7ECC /* SceneDelegate.swift */; };
		7D112F8B2804641200BB7ECC /* SceneDelegate.swift in Sources */ = {isa = PBXBuildFile; fileRef = 7D112F892804641200BB7ECC /* SceneDelegate.swift */; };
		7D112F8F2804861700BB7ECC /* SplashViewController.swift in Sources */ = {isa = PBXBuildFile; fileRef = 7D112F8E2804861700BB7ECC /* SplashViewController.swift */; };
		7D112F902804861700BB7ECC /* SplashViewController.swift in Sources */ = {isa = PBXBuildFile; fileRef = 7D112F8E2804861700BB7ECC /* SplashViewController.swift */; };
		7D178EA528084DDD009C6280 /* SplashScreenSizes.swift in Sources */ = {isa = PBXBuildFile; fileRef = 7D178EA428084DDD009C6280 /* SplashScreenSizes.swift */; };
		7D178EA628084DDD009C6280 /* SplashScreenSizes.swift in Sources */ = {isa = PBXBuildFile; fileRef = 7D178EA428084DDD009C6280 /* SplashScreenSizes.swift */; };
		7D178EAA280859F0009C6280 /* RegistrationViewController.swift in Sources */ = {isa = PBXBuildFile; fileRef = 7D178EA9280859F0009C6280 /* RegistrationViewController.swift */; };
		7D178EAB280859F0009C6280 /* RegistrationViewController.swift in Sources */ = {isa = PBXBuildFile; fileRef = 7D178EA9280859F0009C6280 /* RegistrationViewController.swift */; };
		7D178EAD28085B11009C6280 /* RegistrationRouter.swift in Sources */ = {isa = PBXBuildFile; fileRef = 7D178EAC28085B11009C6280 /* RegistrationRouter.swift */; };
		7D178EAE28085B11009C6280 /* RegistrationRouter.swift in Sources */ = {isa = PBXBuildFile; fileRef = 7D178EAC28085B11009C6280 /* RegistrationRouter.swift */; };
		7D178EB128087636009C6280 /* RegistrationScreenElementsSizes.swift in Sources */ = {isa = PBXBuildFile; fileRef = 7D178EB028087636009C6280 /* RegistrationScreenElementsSizes.swift */; };
		7D178EB228087636009C6280 /* RegistrationScreenElementsSizes.swift in Sources */ = {isa = PBXBuildFile; fileRef = 7D178EB028087636009C6280 /* RegistrationScreenElementsSizes.swift */; };
		7D2B76ED28129E020051BF9A /* BaseFunctions.swift in Sources */ = {isa = PBXBuildFile; fileRef = 7D2B76EC28129E020051BF9A /* BaseFunctions.swift */; };
		7D2B76EE28129E020051BF9A /* BaseFunctions.swift in Sources */ = {isa = PBXBuildFile; fileRef = 7D2B76EC28129E020051BF9A /* BaseFunctions.swift */; };
		7D3B5D572807197100AEBF1A /* LoginModel.swift in Sources */ = {isa = PBXBuildFile; fileRef = 7D3B5D562807197100AEBF1A /* LoginModel.swift */; };
		7D3B5D582807197100AEBF1A /* LoginModel.swift in Sources */ = {isa = PBXBuildFile; fileRef = 7D3B5D562807197100AEBF1A /* LoginModel.swift */; };
		7D3B5D5A280725DE00AEBF1A /* AuthorizationButton.swift in Sources */ = {isa = PBXBuildFile; fileRef = 7D3B5D59280725DE00AEBF1A /* AuthorizationButton.swift */; };
		7D3B5D5B280725DE00AEBF1A /* AuthorizationButton.swift in Sources */ = {isa = PBXBuildFile; fileRef = 7D3B5D59280725DE00AEBF1A /* AuthorizationButton.swift */; };
		7D612D5528118246007C7515 /* FavouriteThumbnailsViewController.swift in Sources */ = {isa = PBXBuildFile; fileRef = 7D612D5428118246007C7515 /* FavouriteThumbnailsViewController.swift */; };
		7D612D5628118246007C7515 /* FavouriteThumbnailsViewController.swift in Sources */ = {isa = PBXBuildFile; fileRef = 7D612D5428118246007C7515 /* FavouriteThumbnailsViewController.swift */; };
		7D612D59281182EF007C7515 /* UIWindowService.swift in Sources */ = {isa = PBXBuildFile; fileRef = 7D612D58281182EF007C7515 /* UIWindowService.swift */; };
		7D612D5A281182EF007C7515 /* UIWindowService.swift in Sources */ = {isa = PBXBuildFile; fileRef = 7D612D58281182EF007C7515 /* UIWindowService.swift */; };
		7D612D5D28119E08007C7515 /* RefreshTokenService.swift in Sources */ = {isa = PBXBuildFile; fileRef = 7D612D5C28119E08007C7515 /* RefreshTokenService.swift */; };
		7D612D5E28119E08007C7515 /* RefreshTokenService.swift in Sources */ = {isa = PBXBuildFile; fileRef = 7D612D5C28119E08007C7515 /* RefreshTokenService.swift */; };
		7D612D6028119F57007C7515 /* BaseModels.swift in Sources */ = {isa = PBXBuildFile; fileRef = 7D612D5F28119F57007C7515 /* BaseModels.swift */; };
		7D612D6128119F57007C7515 /* BaseModels.swift in Sources */ = {isa = PBXBuildFile; fileRef = 7D612D5F28119F57007C7515 /* BaseModels.swift */; };
		7D612D632811A335007C7515 /* RefreshServiceModel.swift in Sources */ = {isa = PBXBuildFile; fileRef = 7D612D622811A335007C7515 /* RefreshServiceModel.swift */; };
		7D612D642811A335007C7515 /* RefreshServiceModel.swift in Sources */ = {isa = PBXBuildFile; fileRef = 7D612D622811A335007C7515 /* RefreshServiceModel.swift */; };
		7D7386D328101F36008C00FE /* RegistrationControllerConfigurator.swift in Sources */ = {isa = PBXBuildFile; fileRef = 7D7386D228101F36008C00FE /* RegistrationControllerConfigurator.swift */; };
		7D7386D428101F36008C00FE /* RegistrationControllerConfigurator.swift in Sources */ = {isa = PBXBuildFile; fileRef = 7D7386D228101F36008C00FE /* RegistrationControllerConfigurator.swift */; };
		7D7386D7281047F7008C00FE /* RequestBuilder.swift in Sources */ = {isa = PBXBuildFile; fileRef = 7D7386D6281047F7008C00FE /* RequestBuilder.swift */; };
		7D7386D8281047F7008C00FE /* RequestBuilder.swift in Sources */ = {isa = PBXBuildFile; fileRef = 7D7386D6281047F7008C00FE /* RequestBuilder.swift */; };
		7D7386DA281061EB008C00FE /* LoginInteractor.swift in Sources */ = {isa = PBXBuildFile; fileRef = 7D7386D9281061EB008C00FE /* LoginInteractor.swift */; };
		7D7386DB281061EB008C00FE /* LoginInteractor.swift in Sources */ = {isa = PBXBuildFile; fileRef = 7D7386D9281061EB008C00FE /* LoginInteractor.swift */; };
		7D7386DD2810621A008C00FE /* LoginPresenter.swift in Sources */ = {isa = PBXBuildFile; fileRef = 7D7386DC2810621A008C00FE /* LoginPresenter.swift */; };
		7D7386DE2810621A008C00FE /* LoginPresenter.swift in Sources */ = {isa = PBXBuildFile; fileRef = 7D7386DC2810621A008C00FE /* LoginPresenter.swift */; };
		7D7386E0281064C3008C00FE /* LoginControllerConfigurator.swift in Sources */ = {isa = PBXBuildFile; fileRef = 7D7386DF281064C3008C00FE /* LoginControllerConfigurator.swift */; };
		7D7386E1281064C3008C00FE /* LoginControllerConfigurator.swift in Sources */ = {isa = PBXBuildFile; fileRef = 7D7386DF281064C3008C00FE /* LoginControllerConfigurator.swift */; };
		7D7EF84F280ED70800B99CA4 /* LoginService.swift in Sources */ = {isa = PBXBuildFile; fileRef = 7D7EF84E280ED70800B99CA4 /* LoginService.swift */; };
		7D7EF852280EED8F00B99CA4 /* RegistrationService.swift in Sources */ = {isa = PBXBuildFile; fileRef = 7D7EF851280EED8F00B99CA4 /* RegistrationService.swift */; };
		7D7EF854280EEF8C00B99CA4 /* RegistrationInteractor.swift in Sources */ = {isa = PBXBuildFile; fileRef = 7D7EF853280EEF8C00B99CA4 /* RegistrationInteractor.swift */; };
		7D7EF855280EEF8C00B99CA4 /* RegistrationInteractor.swift in Sources */ = {isa = PBXBuildFile; fileRef = 7D7EF853280EEF8C00B99CA4 /* RegistrationInteractor.swift */; };
		7D7EF856280EF02600B99CA4 /* RegistrationService.swift in Sources */ = {isa = PBXBuildFile; fileRef = 7D7EF851280EED8F00B99CA4 /* RegistrationService.swift */; };
		7D7EF857280EF04100B99CA4 /* LoginService.swift in Sources */ = {isa = PBXBuildFile; fileRef = 7D7EF84E280ED70800B99CA4 /* LoginService.swift */; };
		7D7EF859280EF0DA00B99CA4 /* RegistrationPresenter.swift in Sources */ = {isa = PBXBuildFile; fileRef = 7D7EF858280EF0DA00B99CA4 /* RegistrationPresenter.swift */; };
		7D7EF85A280EF0DA00B99CA4 /* RegistrationPresenter.swift in Sources */ = {isa = PBXBuildFile; fileRef = 7D7EF858280EF0DA00B99CA4 /* RegistrationPresenter.swift */; };
		7D9715172805BB3B00CC31B8 /* FirstLauchChecker.swift in Sources */ = {isa = PBXBuildFile; fileRef = 7D9715162805BB3B00CC31B8 /* FirstLauchChecker.swift */; };
		7D9715182805BB3B00CC31B8 /* FirstLauchChecker.swift in Sources */ = {isa = PBXBuildFile; fileRef = 7D9715162805BB3B00CC31B8 /* FirstLauchChecker.swift */; };
		7D99731E28058E7F0094F302 /* LoginViewController.swift in Sources */ = {isa = PBXBuildFile; fileRef = 7D99731D28058E7F0094F302 /* LoginViewController.swift */; };
		7D99732028058F7E0094F302 /* LoginRouter.swift in Sources */ = {isa = PBXBuildFile; fileRef = 7D99731F28058F7E0094F302 /* LoginRouter.swift */; };
		7DAE55D02811681B0006C24A /* KeychainService.swift in Sources */ = {isa = PBXBuildFile; fileRef = 7DAE55CF2811681B0006C24A /* KeychainService.swift */; };
		7DAE55D12811681B0006C24A /* KeychainService.swift in Sources */ = {isa = PBXBuildFile; fileRef = 7DAE55CF2811681B0006C24A /* KeychainService.swift */; };
		7DB7E0C52806B56D00996926 /* LoginScreenElementsSizes.swift in Sources */ = {isa = PBXBuildFile; fileRef = 7DB7E0C42806B56D00996926 /* LoginScreenElementsSizes.swift */; };
		7DB7E0C82806BBAB00996926 /* LoginScreenElementsSizes.swift in Sources */ = {isa = PBXBuildFile; fileRef = 7DB7E0C42806B56D00996926 /* LoginScreenElementsSizes.swift */; };
		7DB7E0C92806BBAB00996926 /* LoginViewController.swift in Sources */ = {isa = PBXBuildFile; fileRef = 7D99731D28058E7F0094F302 /* LoginViewController.swift */; };
		7DB7E0CA2806BBAB00996926 /* LoginRouter.swift in Sources */ = {isa = PBXBuildFile; fileRef = 7D99731F28058F7E0094F302 /* LoginRouter.swift */; };
		7DBC89392807065200F94B6C /* AuthorizationTextField.swift in Sources */ = {isa = PBXBuildFile; fileRef = 7DBC89382807065200F94B6C /* AuthorizationTextField.swift */; };
		7DBC893A2807065200F94B6C /* AuthorizationTextField.swift in Sources */ = {isa = PBXBuildFile; fileRef = 7DBC89382807065200F94B6C /* AuthorizationTextField.swift */; };
		BED41B0A80AEB1620E0E7927 /* Pods_WatchLater_Kirillov_Dev.framework in Frameworks */ = {isa = PBXBuildFile; fileRef = D78E79C5AE2DF4886084570F /* Pods_WatchLater_Kirillov_Dev.framework */; };
/* End PBXBuildFile section */

/* Begin PBXContainerItemProxy section */
		30314C9F265AA9FB00CADD41 /* PBXContainerItemProxy */ = {
			isa = PBXContainerItemProxy;
			containerPortal = 306BF30625FC8F7200E9B481 /* Project object */;
			proxyType = 1;
			remoteGlobalIDString = 306BF30D25FC8F7200E9B481;
			remoteInfo = "StartProject-ios-Dev";
		};
/* End PBXContainerItemProxy section */

/* Begin PBXFileReference section */
		044B5A5C6AEF1F1A229742E6 /* Pods-WatchLater-Kirillov_Prod.debug.xcconfig */ = {isa = PBXFileReference; includeInIndex = 1; lastKnownFileType = text.xcconfig; name = "Pods-WatchLater-Kirillov_Prod.debug.xcconfig"; path = "Target Support Files/Pods-WatchLater-Kirillov_Prod/Pods-WatchLater-Kirillov_Prod.debug.xcconfig"; sourceTree = "<group>"; };
		30314C9A265AA9FB00CADD41 /* WatchLater-Kirillov_Tests.xctest */ = {isa = PBXFileReference; explicitFileType = wrapper.cfbundle; includeInIndex = 0; path = "WatchLater-Kirillov_Tests.xctest"; sourceTree = BUILT_PRODUCTS_DIR; };
		30314C9C265AA9FB00CADD41 /* WatchLater_Tests.swift */ = {isa = PBXFileReference; lastKnownFileType = sourcecode.swift; path = WatchLater_Tests.swift; sourceTree = "<group>"; };
		30314C9E265AA9FB00CADD41 /* Info.plist */ = {isa = PBXFileReference; lastKnownFileType = text.plist.xml; path = Info.plist; sourceTree = "<group>"; };
		30314CA8265AAA8900CADD41 /* BaseViewController.swift */ = {isa = PBXFileReference; lastKnownFileType = sourcecode.swift; path = BaseViewController.swift; sourceTree = "<group>"; };
		30314CD1265AAE2100CADD41 /* Settings.bundle */ = {isa = PBXFileReference; lastKnownFileType = "wrapper.plug-in"; path = Settings.bundle; sourceTree = "<group>"; };
		30314CDB265AAEE500CADD41 /* BundleSettingsURL.swift */ = {isa = PBXFileReference; lastKnownFileType = sourcecode.swift; path = BundleSettingsURL.swift; sourceTree = "<group>"; };
		30314CE5265AAF3200CADD41 /* NetworkConfiguration.swift */ = {isa = PBXFileReference; lastKnownFileType = sourcecode.swift; path = NetworkConfiguration.swift; sourceTree = "<group>"; };
		306BF30E25FC8F7200E9B481 /* WatchLater-Kirillov_Dev.app */ = {isa = PBXFileReference; explicitFileType = wrapper.application; includeInIndex = 0; path = "WatchLater-Kirillov_Dev.app"; sourceTree = BUILT_PRODUCTS_DIR; };
		306BF31125FC8F7200E9B481 /* AppDelegate.swift */ = {isa = PBXFileReference; lastKnownFileType = sourcecode.swift; path = AppDelegate.swift; sourceTree = "<group>"; };
		306BF31A25FC8F7300E9B481 /* Assets.xcassets */ = {isa = PBXFileReference; lastKnownFileType = folder.assetcatalog; path = Assets.xcassets; sourceTree = "<group>"; };
		306BF31D25FC8F7300E9B481 /* Base */ = {isa = PBXFileReference; lastKnownFileType = file.storyboard; name = Base; path = Base.lproj/LaunchScreen.storyboard; sourceTree = "<group>"; };
		306BF31F25FC8F7300E9B481 /* Info.plist */ = {isa = PBXFileReference; lastKnownFileType = text.plist.xml; path = Info.plist; sourceTree = "<group>"; };
		3076A0862601D421003B0EF9 /* StoryboardScenes.swift */ = {isa = PBXFileReference; fileEncoding = 4; lastKnownFileType = sourcecode.swift; path = StoryboardScenes.swift; sourceTree = "<group>"; };
		3076A0872601D421003B0EF9 /* StoryboardSegues.swift */ = {isa = PBXFileReference; fileEncoding = 4; lastKnownFileType = sourcecode.swift; path = StoryboardSegues.swift; sourceTree = "<group>"; };
		3095A8BE25FC96BC0010B54A /* ViewModelConfigurable.swift */ = {isa = PBXFileReference; lastKnownFileType = sourcecode.swift; path = ViewModelConfigurable.swift; sourceTree = "<group>"; };
		30D2F270260148ED000134EB /* Asset.swift */ = {isa = PBXFileReference; fileEncoding = 4; lastKnownFileType = sourcecode.swift; path = Asset.swift; sourceTree = "<group>"; };
		30D2F271260148EE000134EB /* swiftgen.yml */ = {isa = PBXFileReference; fileEncoding = 4; lastKnownFileType = text.yaml; path = swiftgen.yml; sourceTree = "<group>"; };
		30D2F272260148EE000134EB /* Localizable.strings */ = {isa = PBXFileReference; fileEncoding = 4; lastKnownFileType = text.plist.strings; path = Localizable.strings; sourceTree = "<group>"; };
		30D2F273260148EE000134EB /* Texts.swift */ = {isa = PBXFileReference; fileEncoding = 4; lastKnownFileType = sourcecode.swift; path = Texts.swift; sourceTree = "<group>"; };
		30F08017265A8746009B2398 /* WatchLater-Kirillov_Prod.app */ = {isa = PBXFileReference; explicitFileType = wrapper.application; includeInIndex = 0; path = "WatchLater-Kirillov_Prod.app"; sourceTree = BUILT_PRODUCTS_DIR; };
		30F0801D265A8831009B2398 /* Info.plist */ = {isa = PBXFileReference; lastKnownFileType = text.plist.xml; path = Info.plist; sourceTree = "<group>"; };
		5419BD4DCFBC9992434F2C06 /* Pods-WatchLater-Kirillov_Prod.release.xcconfig */ = {isa = PBXFileReference; includeInIndex = 1; lastKnownFileType = text.xcconfig; name = "Pods-WatchLater-Kirillov_Prod.release.xcconfig"; path = "Target Support Files/Pods-WatchLater-Kirillov_Prod/Pods-WatchLater-Kirillov_Prod.release.xcconfig"; sourceTree = "<group>"; };
		71702F8C3B0D46F6B78A5371 /* Pods-WatchLater-Kirillov_Dev.release.xcconfig */ = {isa = PBXFileReference; includeInIndex = 1; lastKnownFileType = text.xcconfig; name = "Pods-WatchLater-Kirillov_Dev.release.xcconfig"; path = "Target Support Files/Pods-WatchLater-Kirillov_Dev/Pods-WatchLater-Kirillov_Dev.release.xcconfig"; sourceTree = "<group>"; };
		7D058F17280DC0C800683C3C /* NetworkLayer.swift */ = {isa = PBXFileReference; lastKnownFileType = sourcecode.swift; path = NetworkLayer.swift; sourceTree = "<group>"; };
		7D0ACA9728096A2B00777442 /* RegistrationModel.swift */ = {isa = PBXFileReference; lastKnownFileType = sourcecode.swift; path = RegistrationModel.swift; sourceTree = "<group>"; };
		7D112F892804641200BB7ECC /* SceneDelegate.swift */ = {isa = PBXFileReference; lastKnownFileType = sourcecode.swift; path = SceneDelegate.swift; sourceTree = "<group>"; };
		7D112F8E2804861700BB7ECC /* SplashViewController.swift */ = {isa = PBXFileReference; lastKnownFileType = sourcecode.swift; path = SplashViewController.swift; sourceTree = "<group>"; };
		7D178EA428084DDD009C6280 /* SplashScreenSizes.swift */ = {isa = PBXFileReference; lastKnownFileType = sourcecode.swift; path = SplashScreenSizes.swift; sourceTree = "<group>"; };
		7D178EA9280859F0009C6280 /* RegistrationViewController.swift */ = {isa = PBXFileReference; lastKnownFileType = sourcecode.swift; path = RegistrationViewController.swift; sourceTree = "<group>"; };
		7D178EAC28085B11009C6280 /* RegistrationRouter.swift */ = {isa = PBXFileReference; lastKnownFileType = sourcecode.swift; path = RegistrationRouter.swift; sourceTree = "<group>"; };
		7D178EB028087636009C6280 /* RegistrationScreenElementsSizes.swift */ = {isa = PBXFileReference; lastKnownFileType = sourcecode.swift; path = RegistrationScreenElementsSizes.swift; sourceTree = "<group>"; };
		7D2B76EC28129E020051BF9A /* BaseFunctions.swift */ = {isa = PBXFileReference; lastKnownFileType = sourcecode.swift; path = BaseFunctions.swift; sourceTree = "<group>"; };
		7D3B5D562807197100AEBF1A /* LoginModel.swift */ = {isa = PBXFileReference; lastKnownFileType = sourcecode.swift; path = LoginModel.swift; sourceTree = "<group>"; };
		7D3B5D59280725DE00AEBF1A /* AuthorizationButton.swift */ = {isa = PBXFileReference; lastKnownFileType = sourcecode.swift; path = AuthorizationButton.swift; sourceTree = "<group>"; };
		7D612D5428118246007C7515 /* FavouriteThumbnailsViewController.swift */ = {isa = PBXFileReference; lastKnownFileType = sourcecode.swift; path = FavouriteThumbnailsViewController.swift; sourceTree = "<group>"; };
		7D612D58281182EF007C7515 /* UIWindowService.swift */ = {isa = PBXFileReference; lastKnownFileType = sourcecode.swift; path = UIWindowService.swift; sourceTree = "<group>"; };
		7D612D5C28119E08007C7515 /* RefreshTokenService.swift */ = {isa = PBXFileReference; lastKnownFileType = sourcecode.swift; path = RefreshTokenService.swift; sourceTree = "<group>"; };
		7D612D5F28119F57007C7515 /* BaseModels.swift */ = {isa = PBXFileReference; lastKnownFileType = sourcecode.swift; path = BaseModels.swift; sourceTree = "<group>"; };
		7D612D622811A335007C7515 /* RefreshServiceModel.swift */ = {isa = PBXFileReference; lastKnownFileType = sourcecode.swift; path = RefreshServiceModel.swift; sourceTree = "<group>"; };
		7D7386D228101F36008C00FE /* RegistrationControllerConfigurator.swift */ = {isa = PBXFileReference; lastKnownFileType = sourcecode.swift; path = RegistrationControllerConfigurator.swift; sourceTree = "<group>"; };
		7D7386D6281047F7008C00FE /* RequestBuilder.swift */ = {isa = PBXFileReference; lastKnownFileType = sourcecode.swift; path = RequestBuilder.swift; sourceTree = "<group>"; };
		7D7386D9281061EB008C00FE /* LoginInteractor.swift */ = {isa = PBXFileReference; lastKnownFileType = sourcecode.swift; path = LoginInteractor.swift; sourceTree = "<group>"; };
		7D7386DC2810621A008C00FE /* LoginPresenter.swift */ = {isa = PBXFileReference; lastKnownFileType = sourcecode.swift; path = LoginPresenter.swift; sourceTree = "<group>"; };
		7D7386DF281064C3008C00FE /* LoginControllerConfigurator.swift */ = {isa = PBXFileReference; lastKnownFileType = sourcecode.swift; path = LoginControllerConfigurator.swift; sourceTree = "<group>"; };
		7D7EF84E280ED70800B99CA4 /* LoginService.swift */ = {isa = PBXFileReference; lastKnownFileType = sourcecode.swift; path = LoginService.swift; sourceTree = "<group>"; };
		7D7EF851280EED8F00B99CA4 /* RegistrationService.swift */ = {isa = PBXFileReference; lastKnownFileType = sourcecode.swift; path = RegistrationService.swift; sourceTree = "<group>"; };
		7D7EF853280EEF8C00B99CA4 /* RegistrationInteractor.swift */ = {isa = PBXFileReference; lastKnownFileType = sourcecode.swift; path = RegistrationInteractor.swift; sourceTree = "<group>"; };
		7D7EF858280EF0DA00B99CA4 /* RegistrationPresenter.swift */ = {isa = PBXFileReference; lastKnownFileType = sourcecode.swift; path = RegistrationPresenter.swift; sourceTree = "<group>"; };
		7D9715162805BB3B00CC31B8 /* FirstLauchChecker.swift */ = {isa = PBXFileReference; lastKnownFileType = sourcecode.swift; path = FirstLauchChecker.swift; sourceTree = "<group>"; };
		7D99731D28058E7F0094F302 /* LoginViewController.swift */ = {isa = PBXFileReference; lastKnownFileType = sourcecode.swift; path = LoginViewController.swift; sourceTree = "<group>"; };
		7D99731F28058F7E0094F302 /* LoginRouter.swift */ = {isa = PBXFileReference; lastKnownFileType = sourcecode.swift; path = LoginRouter.swift; sourceTree = "<group>"; };
		7DAE55CF2811681B0006C24A /* KeychainService.swift */ = {isa = PBXFileReference; lastKnownFileType = sourcecode.swift; path = KeychainService.swift; sourceTree = "<group>"; };
		7DB7E0C42806B56D00996926 /* LoginScreenElementsSizes.swift */ = {isa = PBXFileReference; lastKnownFileType = sourcecode.swift; path = LoginScreenElementsSizes.swift; sourceTree = "<group>"; };
		7DBC89382807065200F94B6C /* AuthorizationTextField.swift */ = {isa = PBXFileReference; lastKnownFileType = sourcecode.swift; path = AuthorizationTextField.swift; sourceTree = "<group>"; };
		A25704D2BA61AAE066FA2C57 /* Pods_WatchLater_Kirillov_Prod.framework */ = {isa = PBXFileReference; explicitFileType = wrapper.framework; includeInIndex = 0; path = Pods_WatchLater_Kirillov_Prod.framework; sourceTree = BUILT_PRODUCTS_DIR; };
		A44F47BC4DF7209833E66245 /* Pods-WatchLater-Kirillov_Dev.debug.xcconfig */ = {isa = PBXFileReference; includeInIndex = 1; lastKnownFileType = text.xcconfig; name = "Pods-WatchLater-Kirillov_Dev.debug.xcconfig"; path = "Target Support Files/Pods-WatchLater-Kirillov_Dev/Pods-WatchLater-Kirillov_Dev.debug.xcconfig"; sourceTree = "<group>"; };
		D78E79C5AE2DF4886084570F /* Pods_WatchLater_Kirillov_Dev.framework */ = {isa = PBXFileReference; explicitFileType = wrapper.framework; includeInIndex = 0; path = Pods_WatchLater_Kirillov_Dev.framework; sourceTree = BUILT_PRODUCTS_DIR; };
/* End PBXFileReference section */

/* Begin PBXFrameworksBuildPhase section */
		30314C97265AA9FB00CADD41 /* Frameworks */ = {
			isa = PBXFrameworksBuildPhase;
			buildActionMask = 2147483647;
			files = (
			);
			runOnlyForDeploymentPostprocessing = 0;
		};
		306BF30B25FC8F7200E9B481 /* Frameworks */ = {
			isa = PBXFrameworksBuildPhase;
			buildActionMask = 2147483647;
			files = (
				BED41B0A80AEB1620E0E7927 /* Pods_WatchLater_Kirillov_Dev.framework in Frameworks */,
			);
			runOnlyForDeploymentPostprocessing = 0;
		};
		30F08009265A8746009B2398 /* Frameworks */ = {
			isa = PBXFrameworksBuildPhase;
			buildActionMask = 2147483647;
			files = (
				1C4D4E8858840910FD3E98E4 /* Pods_WatchLater_Kirillov_Prod.framework in Frameworks */,
			);
			runOnlyForDeploymentPostprocessing = 0;
		};
/* End PBXFrameworksBuildPhase section */

/* Begin PBXGroup section */
		30314C9B265AA9FB00CADD41 /* WatchLater-Kirillov_Tests */ = {
			isa = PBXGroup;
			children = (
				30314C9C265AA9FB00CADD41 /* WatchLater_Tests.swift */,
				30314C9E265AA9FB00CADD41 /* Info.plist */,
			);
			path = "WatchLater-Kirillov_Tests";
			sourceTree = "<group>";
		};
		30314CA7265AAA8100CADD41 /* Base */ = {
			isa = PBXGroup;
			children = (
				7D9715192805BB6200CC31B8 /* Utils */,
				30314CA8265AAA8900CADD41 /* BaseViewController.swift */,
			);
			path = Base;
			sourceTree = "<group>";
		};
		30314CDA265AAEDB00CADD41 /* Network */ = {
			isa = PBXGroup;
			children = (
				30314CE4265AAF2D00CADD41 /* Core */,
			);
			path = Network;
			sourceTree = "<group>";
		};
		30314CE4265AAF2D00CADD41 /* Core */ = {
			isa = PBXGroup;
			children = (
				30314CDB265AAEE500CADD41 /* BundleSettingsURL.swift */,
				30314CE5265AAF3200CADD41 /* NetworkConfiguration.swift */,
				7D058F17280DC0C800683C3C /* NetworkLayer.swift */,
			);
			path = Core;
			sourceTree = "<group>";
		};
		306BF30525FC8F7200E9B481 = {
			isa = PBXGroup;
			children = (
				306BF31025FC8F7200E9B481 /* WatchLater-Kirillov */,
				30314C9B265AA9FB00CADD41 /* WatchLater-Kirillov_Tests */,
				306BF30F25FC8F7200E9B481 /* Products */,
				970F809B147CFE1BEEE5F075 /* Pods */,
				41172838E9380C83C80BB88D /* Frameworks */,
			);
			sourceTree = "<group>";
		};
		306BF30F25FC8F7200E9B481 /* Products */ = {
			isa = PBXGroup;
			children = (
				306BF30E25FC8F7200E9B481 /* WatchLater-Kirillov_Dev.app */,
				30F08017265A8746009B2398 /* WatchLater-Kirillov_Prod.app */,
				30314C9A265AA9FB00CADD41 /* WatchLater-Kirillov_Tests.xctest */,
			);
			name = Products;
			sourceTree = "<group>";
		};
		306BF31025FC8F7200E9B481 /* WatchLater-Kirillov */ = {
			isa = PBXGroup;
			children = (
				7D7EF84C280ED6DB00B99CA4 /* Services */,
				7D112F8C28047ED500BB7ECC /* Delegates */,
				30314CDA265AAEDB00CADD41 /* Network */,
				30314CA7265AAA8100CADD41 /* Base */,
				30F0801A265A87E2009B2398 /* Configuration */,
				30D2F26E26014570000134EB /* Resources */,
				3095A8B725FC94D30010B54A /* Views */,
				306BF32625FC8FB800E9B481 /* Modules */,
				306BF31C25FC8F7300E9B481 /* LaunchScreen.storyboard */,
			);
			path = "WatchLater-Kirillov";
			sourceTree = "<group>";
		};
		306BF32625FC8FB800E9B481 /* Modules */ = {
			isa = PBXGroup;
			children = (
				7D612D5328118201007C7515 /* FavouriteScreen */,
				7D178EA828085906009C6280 /* AuthorizationScreens */,
				7D112F8D280485EC00BB7ECC /* SplashScreen */,
			);
			path = Modules;
			sourceTree = "<group>";
		};
		3076A0842601D3D1003B0EF9 /* Generated */ = {
			isa = PBXGroup;
			children = (
				3076A0862601D421003B0EF9 /* StoryboardScenes.swift */,
				3076A0872601D421003B0EF9 /* StoryboardSegues.swift */,
				30D2F270260148ED000134EB /* Asset.swift */,
				30D2F273260148EE000134EB /* Texts.swift */,
			);
			path = Generated;
			sourceTree = "<group>";
		};
		3095A8B725FC94D30010B54A /* Views */ = {
			isa = PBXGroup;
			children = (
				30D2F27F26014F16000134EB /* TextField */,
				30D2F26426014275000134EB /* Button */,
				3095A8BD25FC96B20010B54A /* Protocols */,
			);
			path = Views;
			sourceTree = "<group>";
		};
		3095A8BD25FC96B20010B54A /* Protocols */ = {
			isa = PBXGroup;
			children = (
				3095A8BE25FC96BC0010B54A /* ViewModelConfigurable.swift */,
			);
			path = Protocols;
			sourceTree = "<group>";
		};
		30D2F26426014275000134EB /* Button */ = {
			isa = PBXGroup;
			children = (
			);
			path = Button;
			sourceTree = "<group>";
		};
		30D2F26E26014570000134EB /* Resources */ = {
			isa = PBXGroup;
			children = (
				3076A0842601D3D1003B0EF9 /* Generated */,
				30D2F272260148EE000134EB /* Localizable.strings */,
				30D2F271260148EE000134EB /* swiftgen.yml */,
				306BF31A25FC8F7300E9B481 /* Assets.xcassets */,
			);
			path = Resources;
			sourceTree = "<group>";
		};
		30D2F27F26014F16000134EB /* TextField */ = {
			isa = PBXGroup;
			children = (
			);
			path = TextField;
			sourceTree = "<group>";
		};
		30F0801A265A87E2009B2398 /* Configuration */ = {
			isa = PBXGroup;
			children = (
				30F0801C265A87F4009B2398 /* Prod */,
				30F0801B265A87F0009B2398 /* Dev */,
			);
			path = Configuration;
			sourceTree = "<group>";
		};
		30F0801B265A87F0009B2398 /* Dev */ = {
			isa = PBXGroup;
			children = (
				30314CD1265AAE2100CADD41 /* Settings.bundle */,
				306BF31F25FC8F7300E9B481 /* Info.plist */,
			);
			path = Dev;
			sourceTree = "<group>";
		};
		30F0801C265A87F4009B2398 /* Prod */ = {
			isa = PBXGroup;
			children = (
				30F0801D265A8831009B2398 /* Info.plist */,
			);
			path = Prod;
			sourceTree = "<group>";
		};
		41172838E9380C83C80BB88D /* Frameworks */ = {
			isa = PBXGroup;
			children = (
				D78E79C5AE2DF4886084570F /* Pods_WatchLater_Kirillov_Dev.framework */,
				A25704D2BA61AAE066FA2C57 /* Pods_WatchLater_Kirillov_Prod.framework */,
			);
			name = Frameworks;
			sourceTree = "<group>";
		};
		7D112F8C28047ED500BB7ECC /* Delegates */ = {
			isa = PBXGroup;
			children = (
				7D112F892804641200BB7ECC /* SceneDelegate.swift */,
				306BF31125FC8F7200E9B481 /* AppDelegate.swift */,
			);
			path = Delegates;
			sourceTree = "<group>";
		};
		7D112F8D280485EC00BB7ECC /* SplashScreen */ = {
			isa = PBXGroup;
			children = (
				7D112F8E2804861700BB7ECC /* SplashViewController.swift */,
				7D178EA428084DDD009C6280 /* SplashScreenSizes.swift */,
			);
			path = SplashScreen;
			sourceTree = "<group>";
		};
		7D178EA7280858DD009C6280 /* RegistrationScreen */ = {
			isa = PBXGroup;
			children = (
				7D178EAF28087617009C6280 /* Utils */,
				7D178EA9280859F0009C6280 /* RegistrationViewController.swift */,
				7D178EAC28085B11009C6280 /* RegistrationRouter.swift */,
				7D0ACA9728096A2B00777442 /* RegistrationModel.swift */,
				7D7EF853280EEF8C00B99CA4 /* RegistrationInteractor.swift */,
				7D7EF858280EF0DA00B99CA4 /* RegistrationPresenter.swift */,
				7D7386D228101F36008C00FE /* RegistrationControllerConfigurator.swift */,
			);
			path = RegistrationScreen;
			sourceTree = "<group>";
		};
		7D178EA828085906009C6280 /* AuthorizationScreens */ = {
			isa = PBXGroup;
			children = (
				7DB7E0CD2806CFD200996926 /* SharedUIElements */,
				7D99731C28058E550094F302 /* LoginScreen */,
				7D178EA7280858DD009C6280 /* RegistrationScreen */,
			);
			path = AuthorizationScreens;
			sourceTree = "<group>";
		};
		7D178EAF28087617009C6280 /* Utils */ = {
			isa = PBXGroup;
			children = (
				7D178EB028087636009C6280 /* RegistrationScreenElementsSizes.swift */,
			);
			path = Utils;
			sourceTree = "<group>";
		};
		7D612D5328118201007C7515 /* FavouriteScreen */ = {
			isa = PBXGroup;
			children = (
				7D612D5428118246007C7515 /* FavouriteThumbnailsViewController.swift */,
			);
			path = FavouriteScreen;
			sourceTree = "<group>";
		};
		7D612D57281182C6007C7515 /* UIWindowService */ = {
			isa = PBXGroup;
			children = (
				7D612D58281182EF007C7515 /* UIWindowService.swift */,
			);
			path = UIWindowService;
			sourceTree = "<group>";
		};
		7D612D5B28119DEA007C7515 /* RefreshTokenService */ = {
			isa = PBXGroup;
			children = (
				7D612D5C28119E08007C7515 /* RefreshTokenService.swift */,
				7D612D622811A335007C7515 /* RefreshServiceModel.swift */,
			);
			path = RefreshTokenService;
			sourceTree = "<group>";
		};
		7D7386D5281047B9008C00FE /* Utils */ = {
			isa = PBXGroup;
			children = (
				7D7386D6281047F7008C00FE /* RequestBuilder.swift */,
			);
			path = Utils;
			sourceTree = "<group>";
		};
		7D7EF84C280ED6DB00B99CA4 /* Services */ = {
			isa = PBXGroup;
			children = (
				7D612D5B28119DEA007C7515 /* RefreshTokenService */,
				7D612D57281182C6007C7515 /* UIWindowService */,
				7DAE55CE281167FE0006C24A /* KeychainService */,
				7D7386D5281047B9008C00FE /* Utils */,
				7D7EF850280EED7600B99CA4 /* RegistrarionService */,
				7D7EF84D280ED6EA00B99CA4 /* LoginService */,
			);
			path = Services;
			sourceTree = "<group>";
		};
		7D7EF84D280ED6EA00B99CA4 /* LoginService */ = {
			isa = PBXGroup;
			children = (
				7D7EF84E280ED70800B99CA4 /* LoginService.swift */,
			);
			path = LoginService;
			sourceTree = "<group>";
		};
		7D7EF850280EED7600B99CA4 /* RegistrarionService */ = {
			isa = PBXGroup;
			children = (
				7D7EF851280EED8F00B99CA4 /* RegistrationService.swift */,
			);
			path = RegistrarionService;
			sourceTree = "<group>";
		};
		7D9715192805BB6200CC31B8 /* Utils */ = {
			isa = PBXGroup;
			children = (
				7D9715162805BB3B00CC31B8 /* FirstLauchChecker.swift */,
				7D612D5F28119F57007C7515 /* BaseModels.swift */,
				7D2B76EC28129E020051BF9A /* BaseFunctions.swift */,
			);
			path = Utils;
			sourceTree = "<group>";
		};
		7D99731C28058E550094F302 /* LoginScreen */ = {
			isa = PBXGroup;
			children = (
				7DB7E0C32806B55500996926 /* Utils */,
				7D3B5D562807197100AEBF1A /* LoginModel.swift */,
				7D99731D28058E7F0094F302 /* LoginViewController.swift */,
				7D99731F28058F7E0094F302 /* LoginRouter.swift */,
				7D7386D9281061EB008C00FE /* LoginInteractor.swift */,
				7D7386DC2810621A008C00FE /* LoginPresenter.swift */,
				7D7386DF281064C3008C00FE /* LoginControllerConfigurator.swift */,
			);
			path = LoginScreen;
			sourceTree = "<group>";
		};
		7DAE55CE281167FE0006C24A /* KeychainService */ = {
			isa = PBXGroup;
			children = (
				7DAE55CF2811681B0006C24A /* KeychainService.swift */,
			);
			path = KeychainService;
			sourceTree = "<group>";
		};
		7DB7E0C32806B55500996926 /* Utils */ = {
			isa = PBXGroup;
			children = (
				7DB7E0C42806B56D00996926 /* LoginScreenElementsSizes.swift */,
			);
			path = Utils;
			sourceTree = "<group>";
		};
		7DB7E0CD2806CFD200996926 /* SharedUIElements */ = {
			isa = PBXGroup;
			children = (
				7DBC89382807065200F94B6C /* AuthorizationTextField.swift */,
				7D3B5D59280725DE00AEBF1A /* AuthorizationButton.swift */,
			);
			path = SharedUIElements;
			sourceTree = "<group>";
		};
		970F809B147CFE1BEEE5F075 /* Pods */ = {
			isa = PBXGroup;
			children = (
				A44F47BC4DF7209833E66245 /* Pods-WatchLater-Kirillov_Dev.debug.xcconfig */,
				71702F8C3B0D46F6B78A5371 /* Pods-WatchLater-Kirillov_Dev.release.xcconfig */,
				044B5A5C6AEF1F1A229742E6 /* Pods-WatchLater-Kirillov_Prod.debug.xcconfig */,
				5419BD4DCFBC9992434F2C06 /* Pods-WatchLater-Kirillov_Prod.release.xcconfig */,
			);
			path = Pods;
			sourceTree = "<group>";
		};
/* End PBXGroup section */

/* Begin PBXNativeTarget section */
		30314C99265AA9FB00CADD41 /* WatchLater-Kirillov_Tests */ = {
			isa = PBXNativeTarget;
			buildConfigurationList = 30314CA3265AA9FB00CADD41 /* Build configuration list for PBXNativeTarget "WatchLater-Kirillov_Tests" */;
			buildPhases = (
				30314C96265AA9FB00CADD41 /* Sources */,
				30314C97265AA9FB00CADD41 /* Frameworks */,
				30314C98265AA9FB00CADD41 /* Resources */,
			);
			buildRules = (
			);
			dependencies = (
				30314CA0265AA9FB00CADD41 /* PBXTargetDependency */,
			);
			name = "WatchLater-Kirillov_Tests";
			productName = "StartProject-ios-Tests";
			productReference = 30314C9A265AA9FB00CADD41 /* WatchLater-Kirillov_Tests.xctest */;
			productType = "com.apple.product-type.bundle.unit-test";
		};
		306BF30D25FC8F7200E9B481 /* WatchLater-Kirillov_Dev */ = {
			isa = PBXNativeTarget;
			buildConfigurationList = 306BF32225FC8F7300E9B481 /* Build configuration list for PBXNativeTarget "WatchLater-Kirillov_Dev" */;
			buildPhases = (
				ABAEA2C32D1824FDEB7AC72F /* [CP] Check Pods Manifest.lock */,
				30D2F26D26014479000134EB /* Swiftgen */,
				3076A0632601CD47003B0EF9 /* SwiftLint */,
				306BF30A25FC8F7200E9B481 /* Sources */,
				306BF30B25FC8F7200E9B481 /* Frameworks */,
				306BF30C25FC8F7200E9B481 /* Resources */,
				11D42EDED076320D9ECFF235 /* [CP] Embed Pods Frameworks */,
			);
			buildRules = (
			);
			dependencies = (
			);
			name = "WatchLater-Kirillov_Dev";
			productName = MVPExample;
			productReference = 306BF30E25FC8F7200E9B481 /* WatchLater-Kirillov_Dev.app */;
			productType = "com.apple.product-type.application";
		};
		30F07FEC265A8746009B2398 /* WatchLater-Kirillov_Prod */ = {
			isa = PBXNativeTarget;
			buildConfigurationList = 30F08014265A8746009B2398 /* Build configuration list for PBXNativeTarget "WatchLater-Kirillov_Prod" */;
			buildPhases = (
				7DEC3B34A5912D7704792B52 /* [CP] Check Pods Manifest.lock */,
				30F07FEE265A8746009B2398 /* Swiftgen */,
				30F07FEF265A8746009B2398 /* SwiftLint */,
				30F07FF0265A8746009B2398 /* Sources */,
				30F08009265A8746009B2398 /* Frameworks */,
				30F0800B265A8746009B2398 /* Resources */,
				C78941CDFB2103635826E9D4 /* [CP] Embed Pods Frameworks */,
			);
			buildRules = (
			);
			dependencies = (
			);
			name = "WatchLater-Kirillov_Prod";
			productName = MVPExample;
			productReference = 30F08017265A8746009B2398 /* WatchLater-Kirillov_Prod.app */;
			productType = "com.apple.product-type.application";
		};
/* End PBXNativeTarget section */

/* Begin PBXProject section */
		306BF30625FC8F7200E9B481 /* Project object */ = {
			isa = PBXProject;
			attributes = {
				KnownAssetTags = (
					New,
				);
				LastSwiftUpdateCheck = 1240;
				LastUpgradeCheck = 1250;
				TargetAttributes = {
					30314C99265AA9FB00CADD41 = {
						CreatedOnToolsVersion = 12.4;
						TestTargetID = 306BF30D25FC8F7200E9B481;
					};
					306BF30D25FC8F7200E9B481 = {
						CreatedOnToolsVersion = 12.4;
					};
				};
			};
			buildConfigurationList = 306BF30925FC8F7200E9B481 /* Build configuration list for PBXProject "WatchLater-Kirillov" */;
			compatibilityVersion = "Xcode 9.3";
			developmentRegion = en;
			hasScannedForEncodings = 0;
			knownRegions = (
				en,
				Base,
			);
			mainGroup = 306BF30525FC8F7200E9B481;
			productRefGroup = 306BF30F25FC8F7200E9B481 /* Products */;
			projectDirPath = "";
			projectRoot = "";
			targets = (
				306BF30D25FC8F7200E9B481 /* WatchLater-Kirillov_Dev */,
				30F07FEC265A8746009B2398 /* WatchLater-Kirillov_Prod */,
				30314C99265AA9FB00CADD41 /* WatchLater-Kirillov_Tests */,
			);
		};
/* End PBXProject section */

/* Begin PBXResourcesBuildPhase section */
		30314C98265AA9FB00CADD41 /* Resources */ = {
			isa = PBXResourcesBuildPhase;
			buildActionMask = 2147483647;
			files = (
			);
			runOnlyForDeploymentPostprocessing = 0;
		};
		306BF30C25FC8F7200E9B481 /* Resources */ = {
			isa = PBXResourcesBuildPhase;
			buildActionMask = 2147483647;
			files = (
				30D2F276260148EE000134EB /* Localizable.strings in Resources */,
				306BF31E25FC8F7300E9B481 /* LaunchScreen.storyboard in Resources */,
				30314CD2265AAE2100CADD41 /* Settings.bundle in Resources */,
				306BF31B25FC8F7300E9B481 /* Assets.xcassets in Resources */,
				30D2F275260148EE000134EB /* swiftgen.yml in Resources */,
			);
			runOnlyForDeploymentPostprocessing = 0;
		};
		30F0800B265A8746009B2398 /* Resources */ = {
			isa = PBXResourcesBuildPhase;
			buildActionMask = 2147483647;
			files = (
				30F0800E265A8746009B2398 /* Localizable.strings in Resources */,
				30F0800F265A8746009B2398 /* LaunchScreen.storyboard in Resources */,
				30F08010265A8746009B2398 /* Assets.xcassets in Resources */,
				30F08012265A8746009B2398 /* swiftgen.yml in Resources */,
			);
			runOnlyForDeploymentPostprocessing = 0;
		};
/* End PBXResourcesBuildPhase section */

/* Begin PBXShellScriptBuildPhase section */
		11D42EDED076320D9ECFF235 /* [CP] Embed Pods Frameworks */ = {
			isa = PBXShellScriptBuildPhase;
			buildActionMask = 2147483647;
			files = (
			);
			inputFileListPaths = (
				"${PODS_ROOT}/Target Support Files/Pods-WatchLater-Kirillov_Dev/Pods-WatchLater-Kirillov_Dev-frameworks-${CONFIGURATION}-input-files.xcfilelist",
			);
			name = "[CP] Embed Pods Frameworks";
			outputFileListPaths = (
				"${PODS_ROOT}/Target Support Files/Pods-WatchLater-Kirillov_Dev/Pods-WatchLater-Kirillov_Dev-frameworks-${CONFIGURATION}-output-files.xcfilelist",
			);
			runOnlyForDeploymentPostprocessing = 0;
			shellPath = /bin/sh;
			shellScript = "\"${PODS_ROOT}/Target Support Files/Pods-WatchLater-Kirillov_Dev/Pods-WatchLater-Kirillov_Dev-frameworks.sh\"\n";
			showEnvVarsInLog = 0;
		};
		3076A0632601CD47003B0EF9 /* SwiftLint */ = {
			isa = PBXShellScriptBuildPhase;
			buildActionMask = 12;
			files = (
			);
			inputFileListPaths = (
			);
			inputPaths = (
			);
			name = SwiftLint;
			outputFileListPaths = (
			);
			outputPaths = (
			);
			runOnlyForDeploymentPostprocessing = 0;
			shellPath = /bin/sh;
			shellScript = "if which swiftlint >/dev/null; then\n  swiftlint\nelse\n  echo \"warning: SwiftLint not installed, download from https://github.com/realm/SwiftLint\"\nfi\n";
		};
		30D2F26D26014479000134EB /* Swiftgen */ = {
			isa = PBXShellScriptBuildPhase;
			buildActionMask = 12;
			files = (
			);
			inputFileListPaths = (
			);
			inputPaths = (
			);
			name = Swiftgen;
			outputFileListPaths = (
			);
			outputPaths = (
			);
			runOnlyForDeploymentPostprocessing = 0;
			shellPath = /bin/sh;
			shellScript = "if [[ -f \"${PODS_ROOT}/SwiftGen/bin/swiftgen\" ]]; then\n  \"${PODS_ROOT}/SwiftGen/bin/swiftgen\" config run --config ./WatchLater-Kirillov/Resources/swiftgen.yml\nelse\n  echo \"warning: SwiftGen is not installed. Run 'pod install --repo-update' to install it.\"\nfi\n";
		};
		30F07FEE265A8746009B2398 /* Swiftgen */ = {
			isa = PBXShellScriptBuildPhase;
			buildActionMask = 12;
			files = (
			);
			inputFileListPaths = (
			);
			inputPaths = (
			);
			name = Swiftgen;
			outputFileListPaths = (
			);
			outputPaths = (
			);
			runOnlyForDeploymentPostprocessing = 0;
			shellPath = /bin/sh;
			shellScript = "if [[ -f \"${PODS_ROOT}/SwiftGen/bin/swiftgen\" ]]; then\n  \"${PODS_ROOT}/SwiftGen/bin/swiftgen\" config run --config ./WatchLater-Kirillov/Resources/swiftgen.yml\nelse\n  echo \"warning: SwiftGen is not installed. Run 'pod install --repo-update' to install it.\"\nfi\n";
		};
		30F07FEF265A8746009B2398 /* SwiftLint */ = {
			isa = PBXShellScriptBuildPhase;
			buildActionMask = 12;
			files = (
			);
			inputFileListPaths = (
			);
			inputPaths = (
			);
			name = SwiftLint;
			outputFileListPaths = (
			);
			outputPaths = (
			);
			runOnlyForDeploymentPostprocessing = 0;
			shellPath = /bin/sh;
			shellScript = "if which swiftlint >/dev/null; then\n  swiftlint\nelse\n  echo \"warning: SwiftLint not installed, download from https://github.com/realm/SwiftLint\"\nfi\n";
		};
		7DEC3B34A5912D7704792B52 /* [CP] Check Pods Manifest.lock */ = {
			isa = PBXShellScriptBuildPhase;
			buildActionMask = 2147483647;
			files = (
			);
			inputFileListPaths = (
			);
			inputPaths = (
				"${PODS_PODFILE_DIR_PATH}/Podfile.lock",
				"${PODS_ROOT}/Manifest.lock",
			);
			name = "[CP] Check Pods Manifest.lock";
			outputFileListPaths = (
			);
			outputPaths = (
				"$(DERIVED_FILE_DIR)/Pods-WatchLater-Kirillov_Prod-checkManifestLockResult.txt",
			);
			runOnlyForDeploymentPostprocessing = 0;
			shellPath = /bin/sh;
			shellScript = "diff \"${PODS_PODFILE_DIR_PATH}/Podfile.lock\" \"${PODS_ROOT}/Manifest.lock\" > /dev/null\nif [ $? != 0 ] ; then\n    # print error to STDERR\n    echo \"error: The sandbox is not in sync with the Podfile.lock. Run 'pod install' or update your CocoaPods installation.\" >&2\n    exit 1\nfi\n# This output is used by Xcode 'outputs' to avoid re-running this script phase.\necho \"SUCCESS\" > \"${SCRIPT_OUTPUT_FILE_0}\"\n";
			showEnvVarsInLog = 0;
		};
		ABAEA2C32D1824FDEB7AC72F /* [CP] Check Pods Manifest.lock */ = {
			isa = PBXShellScriptBuildPhase;
			buildActionMask = 2147483647;
			files = (
			);
			inputFileListPaths = (
			);
			inputPaths = (
				"${PODS_PODFILE_DIR_PATH}/Podfile.lock",
				"${PODS_ROOT}/Manifest.lock",
			);
			name = "[CP] Check Pods Manifest.lock";
			outputFileListPaths = (
			);
			outputPaths = (
				"$(DERIVED_FILE_DIR)/Pods-WatchLater-Kirillov_Dev-checkManifestLockResult.txt",
			);
			runOnlyForDeploymentPostprocessing = 0;
			shellPath = /bin/sh;
			shellScript = "diff \"${PODS_PODFILE_DIR_PATH}/Podfile.lock\" \"${PODS_ROOT}/Manifest.lock\" > /dev/null\nif [ $? != 0 ] ; then\n    # print error to STDERR\n    echo \"error: The sandbox is not in sync with the Podfile.lock. Run 'pod install' or update your CocoaPods installation.\" >&2\n    exit 1\nfi\n# This output is used by Xcode 'outputs' to avoid re-running this script phase.\necho \"SUCCESS\" > \"${SCRIPT_OUTPUT_FILE_0}\"\n";
			showEnvVarsInLog = 0;
		};
		C78941CDFB2103635826E9D4 /* [CP] Embed Pods Frameworks */ = {
			isa = PBXShellScriptBuildPhase;
			buildActionMask = 2147483647;
			files = (
			);
			inputFileListPaths = (
				"${PODS_ROOT}/Target Support Files/Pods-WatchLater-Kirillov_Prod/Pods-WatchLater-Kirillov_Prod-frameworks-${CONFIGURATION}-input-files.xcfilelist",
			);
			name = "[CP] Embed Pods Frameworks";
			outputFileListPaths = (
				"${PODS_ROOT}/Target Support Files/Pods-WatchLater-Kirillov_Prod/Pods-WatchLater-Kirillov_Prod-frameworks-${CONFIGURATION}-output-files.xcfilelist",
			);
			runOnlyForDeploymentPostprocessing = 0;
			shellPath = /bin/sh;
			shellScript = "\"${PODS_ROOT}/Target Support Files/Pods-WatchLater-Kirillov_Prod/Pods-WatchLater-Kirillov_Prod-frameworks.sh\"\n";
			showEnvVarsInLog = 0;
		};
/* End PBXShellScriptBuildPhase section */

/* Begin PBXSourcesBuildPhase section */
		30314C96265AA9FB00CADD41 /* Sources */ = {
			isa = PBXSourcesBuildPhase;
			buildActionMask = 2147483647;
			files = (
				30314C9D265AA9FB00CADD41 /* WatchLater_Tests.swift in Sources */,
			);
			runOnlyForDeploymentPostprocessing = 0;
		};
		306BF30A25FC8F7200E9B481 /* Sources */ = {
			isa = PBXSourcesBuildPhase;
			buildActionMask = 2147483647;
			files = (
				7D612D6028119F57007C7515 /* BaseModels.swift in Sources */,
				7D7386DD2810621A008C00FE /* LoginPresenter.swift in Sources */,
				7D178EAD28085B11009C6280 /* RegistrationRouter.swift in Sources */,
				7D3B5D572807197100AEBF1A /* LoginModel.swift in Sources */,
				7D3B5D5A280725DE00AEBF1A /* AuthorizationButton.swift in Sources */,
				7D178EA528084DDD009C6280 /* SplashScreenSizes.swift in Sources */,
				7D0ACA9828096A2B00777442 /* RegistrationModel.swift in Sources */,
				7D058F18280DC0C800683C3C /* NetworkLayer.swift in Sources */,
				30314CDC265AAEE500CADD41 /* BundleSettingsURL.swift in Sources */,
				3076A0882601D421003B0EF9 /* StoryboardScenes.swift in Sources */,
				30D2F277260148EE000134EB /* Texts.swift in Sources */,
				3076A0892601D421003B0EF9 /* StoryboardSegues.swift in Sources */,
				7D612D59281182EF007C7515 /* UIWindowService.swift in Sources */,
				30D2F274260148EE000134EB /* Asset.swift in Sources */,
				7D7386D7281047F7008C00FE /* RequestBuilder.swift in Sources */,
				7D178EB128087636009C6280 /* RegistrationScreenElementsSizes.swift in Sources */,
				7D7EF854280EEF8C00B99CA4 /* RegistrationInteractor.swift in Sources */,
				7D7386D328101F36008C00FE /* RegistrationControllerConfigurator.swift in Sources */,
				7D2B76ED28129E020051BF9A /* BaseFunctions.swift in Sources */,
				7DBC89392807065200F94B6C /* AuthorizationTextField.swift in Sources */,
				7D112F8A2804641200BB7ECC /* SceneDelegate.swift in Sources */,
				7D7EF852280EED8F00B99CA4 /* RegistrationService.swift in Sources */,
				7DAE55D02811681B0006C24A /* KeychainService.swift in Sources */,
				30314CE6265AAF3200CADD41 /* NetworkConfiguration.swift in Sources */,
				306BF31225FC8F7200E9B481 /* AppDelegate.swift in Sources */,
				7D178EAA280859F0009C6280 /* RegistrationViewController.swift in Sources */,
				7D612D632811A335007C7515 /* RefreshServiceModel.swift in Sources */,
				7D9715172805BB3B00CC31B8 /* FirstLauchChecker.swift in Sources */,
				30314CCC265AADB600CADD41 /* BaseViewController.swift in Sources */,
				7D7EF859280EF0DA00B99CA4 /* RegistrationPresenter.swift in Sources */,
				3095A8BF25FC96BC0010B54A /* ViewModelConfigurable.swift in Sources */,
				7D99731E28058E7F0094F302 /* LoginViewController.swift in Sources */,
				7D7386E0281064C3008C00FE /* LoginControllerConfigurator.swift in Sources */,
				7D612D5D28119E08007C7515 /* RefreshTokenService.swift in Sources */,
				7D612D5528118246007C7515 /* FavouriteThumbnailsViewController.swift in Sources */,
				7DB7E0C52806B56D00996926 /* LoginScreenElementsSizes.swift in Sources */,
				7D7EF84F280ED70800B99CA4 /* LoginService.swift in Sources */,
				7D7386DA281061EB008C00FE /* LoginInteractor.swift in Sources */,
				7D99732028058F7E0094F302 /* LoginRouter.swift in Sources */,
				7D112F8F2804861700BB7ECC /* SplashViewController.swift in Sources */,
			);
			runOnlyForDeploymentPostprocessing = 0;
		};
		30F07FF0265A8746009B2398 /* Sources */ = {
			isa = PBXSourcesBuildPhase;
			buildActionMask = 2147483647;
			files = (
				7D612D6128119F57007C7515 /* BaseModels.swift in Sources */,
				7D7386DE2810621A008C00FE /* LoginPresenter.swift in Sources */,
				7D7EF857280EF04100B99CA4 /* LoginService.swift in Sources */,
				7D7EF856280EF02600B99CA4 /* RegistrationService.swift in Sources */,
				7D178EAE28085B11009C6280 /* RegistrationRouter.swift in Sources */,
				7D3B5D582807197100AEBF1A /* LoginModel.swift in Sources */,
				7D3B5D5B280725DE00AEBF1A /* AuthorizationButton.swift in Sources */,
				7D178EA628084DDD009C6280 /* SplashScreenSizes.swift in Sources */,
				7D0ACA9928096A2B00777442 /* RegistrationModel.swift in Sources */,
				7D058F19280DC0C800683C3C /* NetworkLayer.swift in Sources */,
				7D7EF855280EEF8C00B99CA4 /* RegistrationInteractor.swift in Sources */,
				7DB7E0C82806BBAB00996926 /* LoginScreenElementsSizes.swift in Sources */,
				7D612D5A281182EF007C7515 /* UIWindowService.swift in Sources */,
				7DB7E0C92806BBAB00996926 /* LoginViewController.swift in Sources */,
				7D7386D8281047F7008C00FE /* RequestBuilder.swift in Sources */,
				7DB7E0CA2806BBAB00996926 /* LoginRouter.swift in Sources */,
				7D178EB228087636009C6280 /* RegistrationScreenElementsSizes.swift in Sources */,
				7D7386D428101F36008C00FE /* RegistrationControllerConfigurator.swift in Sources */,
				7D2B76EE28129E020051BF9A /* BaseFunctions.swift in Sources */,
				7DBC893A2807065200F94B6C /* AuthorizationTextField.swift in Sources */,
				7D9715182805BB3B00CC31B8 /* FirstLauchChecker.swift in Sources */,
				30314CDD265AAEE500CADD41 /* BundleSettingsURL.swift in Sources */,
				7DAE55D12811681B0006C24A /* KeychainService.swift in Sources */,
				30F07FF2265A8746009B2398 /* StoryboardScenes.swift in Sources */,
				30F07FF7265A8746009B2398 /* Texts.swift in Sources */,
				30F07FF8265A8746009B2398 /* StoryboardSegues.swift in Sources */,
				7D612D642811A335007C7515 /* RefreshServiceModel.swift in Sources */,
				7D178EAB280859F0009C6280 /* RegistrationViewController.swift in Sources */,
				30F07FFE265A8746009B2398 /* Asset.swift in Sources */,
				7D7EF85A280EF0DA00B99CA4 /* RegistrationPresenter.swift in Sources */,
				7D112F8B2804641200BB7ECC /* SceneDelegate.swift in Sources */,
				30314CE7265AAF3200CADD41 /* NetworkConfiguration.swift in Sources */,
				7D7386E1281064C3008C00FE /* LoginControllerConfigurator.swift in Sources */,
				7D612D5E28119E08007C7515 /* RefreshTokenService.swift in Sources */,
				7D612D5628118246007C7515 /* FavouriteThumbnailsViewController.swift in Sources */,
				30F08000265A8746009B2398 /* AppDelegate.swift in Sources */,
				30314CC8265AADB500CADD41 /* BaseViewController.swift in Sources */,
				7D7386DB281061EB008C00FE /* LoginInteractor.swift in Sources */,
				30F08008265A8746009B2398 /* ViewModelConfigurable.swift in Sources */,
				7D112F902804861700BB7ECC /* SplashViewController.swift in Sources */,
			);
			runOnlyForDeploymentPostprocessing = 0;
		};
/* End PBXSourcesBuildPhase section */

/* Begin PBXTargetDependency section */
		30314CA0265AA9FB00CADD41 /* PBXTargetDependency */ = {
			isa = PBXTargetDependency;
			target = 306BF30D25FC8F7200E9B481 /* WatchLater-Kirillov_Dev */;
			targetProxy = 30314C9F265AA9FB00CADD41 /* PBXContainerItemProxy */;
		};
/* End PBXTargetDependency section */

/* Begin PBXVariantGroup section */
		306BF31C25FC8F7300E9B481 /* LaunchScreen.storyboard */ = {
			isa = PBXVariantGroup;
			children = (
				306BF31D25FC8F7300E9B481 /* Base */,
			);
			name = LaunchScreen.storyboard;
			sourceTree = "<group>";
		};
/* End PBXVariantGroup section */

/* Begin XCBuildConfiguration section */
		30314CA1265AA9FB00CADD41 /* Debug */ = {
			isa = XCBuildConfiguration;
			buildSettings = {
				BUNDLE_LOADER = "$(TEST_HOST)";
				CODE_SIGN_IDENTITY = "iPhone Developer";
				CODE_SIGN_STYLE = Manual;
				DEVELOPMENT_TEAM = "";
				INFOPLIST_FILE = "WatchLater-Kirillov_Tests/Info.plist";
				IPHONEOS_DEPLOYMENT_TARGET = 12.0;
				LD_RUNPATH_SEARCH_PATHS = (
					"$(inherited)",
					"@executable_path/Frameworks",
					"@loader_path/Frameworks",
				);
				PRODUCT_BUNDLE_IDENTIFIER = "com.technokratos.start-project-ios-dev-tests.StartProject-ios-Tests";
				PRODUCT_NAME = "$(TARGET_NAME)";
				PROVISIONING_PROFILE_SPECIFIER = "";
				"PROVISIONING_PROFILE_SPECIFIER[sdk=macosx*]" = "";
				SWIFT_VERSION = 5.0;
				TARGETED_DEVICE_FAMILY = "1,2";
				TEST_HOST = "$(BUILT_PRODUCTS_DIR)/WatchLater-Kirillov_Dev.app/WatchLater-Kirillov_Dev";
			};
			name = Debug;
		};
		30314CA2265AA9FB00CADD41 /* Release */ = {
			isa = XCBuildConfiguration;
			buildSettings = {
				BUNDLE_LOADER = "$(TEST_HOST)";
				CODE_SIGN_IDENTITY = "iPhone Developer";
				CODE_SIGN_STYLE = Manual;
				DEVELOPMENT_TEAM = "";
				INFOPLIST_FILE = "WatchLater-Kirillov_Tests/Info.plist";
				IPHONEOS_DEPLOYMENT_TARGET = 12.0;
				LD_RUNPATH_SEARCH_PATHS = (
					"$(inherited)",
					"@executable_path/Frameworks",
					"@loader_path/Frameworks",
				);
				PRODUCT_BUNDLE_IDENTIFIER = "com.technokratos.start-project-ios-dev-tests.StartProject-ios-Tests";
				PRODUCT_NAME = "$(TARGET_NAME)";
				PROVISIONING_PROFILE_SPECIFIER = "";
				"PROVISIONING_PROFILE_SPECIFIER[sdk=macosx*]" = "";
				SWIFT_VERSION = 5.0;
				TARGETED_DEVICE_FAMILY = "1,2";
				TEST_HOST = "$(BUILT_PRODUCTS_DIR)/WatchLater-Kirillov_Dev.app/WatchLater-Kirillov_Dev";
			};
			name = Release;
		};
		306BF32025FC8F7300E9B481 /* Debug */ = {
			isa = XCBuildConfiguration;
			buildSettings = {
				ALWAYS_SEARCH_USER_PATHS = NO;
				CLANG_ANALYZER_NONNULL = YES;
				CLANG_ANALYZER_NUMBER_OBJECT_CONVERSION = YES_AGGRESSIVE;
				CLANG_CXX_LANGUAGE_STANDARD = "gnu++14";
				CLANG_CXX_LIBRARY = "libc++";
				CLANG_ENABLE_MODULES = YES;
				CLANG_ENABLE_OBJC_ARC = YES;
				CLANG_ENABLE_OBJC_WEAK = YES;
				CLANG_WARN_BLOCK_CAPTURE_AUTORELEASING = YES;
				CLANG_WARN_BOOL_CONVERSION = YES;
				CLANG_WARN_COMMA = YES;
				CLANG_WARN_CONSTANT_CONVERSION = YES;
				CLANG_WARN_DEPRECATED_OBJC_IMPLEMENTATIONS = YES;
				CLANG_WARN_DIRECT_OBJC_ISA_USAGE = YES_ERROR;
				CLANG_WARN_DOCUMENTATION_COMMENTS = YES;
				CLANG_WARN_EMPTY_BODY = YES;
				CLANG_WARN_ENUM_CONVERSION = YES;
				CLANG_WARN_INFINITE_RECURSION = YES;
				CLANG_WARN_INT_CONVERSION = YES;
				CLANG_WARN_NON_LITERAL_NULL_CONVERSION = YES;
				CLANG_WARN_OBJC_IMPLICIT_RETAIN_SELF = YES;
				CLANG_WARN_OBJC_LITERAL_CONVERSION = YES;
				CLANG_WARN_OBJC_ROOT_CLASS = YES_ERROR;
				CLANG_WARN_QUOTED_INCLUDE_IN_FRAMEWORK_HEADER = YES;
				CLANG_WARN_RANGE_LOOP_ANALYSIS = YES;
				CLANG_WARN_STRICT_PROTOTYPES = YES;
				CLANG_WARN_SUSPICIOUS_MOVE = YES;
				CLANG_WARN_UNGUARDED_AVAILABILITY = YES_AGGRESSIVE;
				CLANG_WARN_UNREACHABLE_CODE = YES;
				CLANG_WARN__DUPLICATE_METHOD_MATCH = YES;
				COPY_PHASE_STRIP = NO;
				DEBUG_INFORMATION_FORMAT = dwarf;
				ENABLE_STRICT_OBJC_MSGSEND = YES;
				ENABLE_TESTABILITY = YES;
				GCC_C_LANGUAGE_STANDARD = gnu11;
				GCC_DYNAMIC_NO_PIC = NO;
				GCC_NO_COMMON_BLOCKS = YES;
				GCC_OPTIMIZATION_LEVEL = 0;
				GCC_PREPROCESSOR_DEFINITIONS = (
					"DEBUG=1",
					"$(inherited)",
				);
				GCC_WARN_64_TO_32_BIT_CONVERSION = YES;
				GCC_WARN_ABOUT_RETURN_TYPE = YES_ERROR;
				GCC_WARN_UNDECLARED_SELECTOR = YES;
				GCC_WARN_UNINITIALIZED_AUTOS = YES_AGGRESSIVE;
				GCC_WARN_UNUSED_FUNCTION = YES;
				GCC_WARN_UNUSED_VARIABLE = YES;
				IPHONEOS_DEPLOYMENT_TARGET = 12.0;
				MTL_ENABLE_DEBUG_INFO = INCLUDE_SOURCE;
				MTL_FAST_MATH = YES;
				ONLY_ACTIVE_ARCH = YES;
				SDKROOT = iphoneos;
				SWIFT_ACTIVE_COMPILATION_CONDITIONS = DEBUG;
				SWIFT_OPTIMIZATION_LEVEL = "-Onone";
			};
			name = Debug;
		};
		306BF32125FC8F7300E9B481 /* Release */ = {
			isa = XCBuildConfiguration;
			buildSettings = {
				ALWAYS_SEARCH_USER_PATHS = NO;
				CLANG_ANALYZER_NONNULL = YES;
				CLANG_ANALYZER_NUMBER_OBJECT_CONVERSION = YES_AGGRESSIVE;
				CLANG_CXX_LANGUAGE_STANDARD = "gnu++14";
				CLANG_CXX_LIBRARY = "libc++";
				CLANG_ENABLE_MODULES = YES;
				CLANG_ENABLE_OBJC_ARC = YES;
				CLANG_ENABLE_OBJC_WEAK = YES;
				CLANG_WARN_BLOCK_CAPTURE_AUTORELEASING = YES;
				CLANG_WARN_BOOL_CONVERSION = YES;
				CLANG_WARN_COMMA = YES;
				CLANG_WARN_CONSTANT_CONVERSION = YES;
				CLANG_WARN_DEPRECATED_OBJC_IMPLEMENTATIONS = YES;
				CLANG_WARN_DIRECT_OBJC_ISA_USAGE = YES_ERROR;
				CLANG_WARN_DOCUMENTATION_COMMENTS = YES;
				CLANG_WARN_EMPTY_BODY = YES;
				CLANG_WARN_ENUM_CONVERSION = YES;
				CLANG_WARN_INFINITE_RECURSION = YES;
				CLANG_WARN_INT_CONVERSION = YES;
				CLANG_WARN_NON_LITERAL_NULL_CONVERSION = YES;
				CLANG_WARN_OBJC_IMPLICIT_RETAIN_SELF = YES;
				CLANG_WARN_OBJC_LITERAL_CONVERSION = YES;
				CLANG_WARN_OBJC_ROOT_CLASS = YES_ERROR;
				CLANG_WARN_QUOTED_INCLUDE_IN_FRAMEWORK_HEADER = YES;
				CLANG_WARN_RANGE_LOOP_ANALYSIS = YES;
				CLANG_WARN_STRICT_PROTOTYPES = YES;
				CLANG_WARN_SUSPICIOUS_MOVE = YES;
				CLANG_WARN_UNGUARDED_AVAILABILITY = YES_AGGRESSIVE;
				CLANG_WARN_UNREACHABLE_CODE = YES;
				CLANG_WARN__DUPLICATE_METHOD_MATCH = YES;
				COPY_PHASE_STRIP = NO;
				DEBUG_INFORMATION_FORMAT = "dwarf-with-dsym";
				ENABLE_NS_ASSERTIONS = NO;
				ENABLE_STRICT_OBJC_MSGSEND = YES;
				GCC_C_LANGUAGE_STANDARD = gnu11;
				GCC_NO_COMMON_BLOCKS = YES;
				GCC_WARN_64_TO_32_BIT_CONVERSION = YES;
				GCC_WARN_ABOUT_RETURN_TYPE = YES_ERROR;
				GCC_WARN_UNDECLARED_SELECTOR = YES;
				GCC_WARN_UNINITIALIZED_AUTOS = YES_AGGRESSIVE;
				GCC_WARN_UNUSED_FUNCTION = YES;
				GCC_WARN_UNUSED_VARIABLE = YES;
				IPHONEOS_DEPLOYMENT_TARGET = 12.0;
				MTL_ENABLE_DEBUG_INFO = NO;
				MTL_FAST_MATH = YES;
				SDKROOT = iphoneos;
				SWIFT_COMPILATION_MODE = wholemodule;
				SWIFT_OPTIMIZATION_LEVEL = "-O";
				VALIDATE_PRODUCT = YES;
			};
			name = Release;
		};
		306BF32325FC8F7300E9B481 /* Debug */ = {
			isa = XCBuildConfiguration;
			baseConfigurationReference = A44F47BC4DF7209833E66245 /* Pods-WatchLater-Kirillov_Dev.debug.xcconfig */;
			buildSettings = {
				ASSETCATALOG_COMPILER_APPICON_NAME = AppIcon;
				ASSETCATALOG_COMPILER_GLOBAL_ACCENT_COLOR_NAME = AccentColor;
				CODE_SIGN_IDENTITY = "Apple Development";
				CODE_SIGN_STYLE = Automatic;
				DEVELOPMENT_TEAM = "";
				INFOPLIST_FILE = "$(SRCROOT)/WatchLater-Kirillov/Configuration/Prod/Info.plist";
				IPHONEOS_DEPLOYMENT_TARGET = 12.0;
				LD_RUNPATH_SEARCH_PATHS = (
					"$(inherited)",
					"@executable_path/Frameworks",
				);
				PRODUCT_BUNDLE_IDENTIFIER = "com.technokratos.agona.watch-later-ios-kirillov";
				PRODUCT_NAME = "$(TARGET_NAME)";
				PROVISIONING_PROFILE_SPECIFIER = "";
				SWIFT_VERSION = 5.0;
				TARGETED_DEVICE_FAMILY = 1;
			};
			name = Debug;
		};
		306BF32425FC8F7300E9B481 /* Release */ = {
			isa = XCBuildConfiguration;
			baseConfigurationReference = 71702F8C3B0D46F6B78A5371 /* Pods-WatchLater-Kirillov_Dev.release.xcconfig */;
			buildSettings = {
				ASSETCATALOG_COMPILER_APPICON_NAME = AppIcon;
				ASSETCATALOG_COMPILER_GLOBAL_ACCENT_COLOR_NAME = AccentColor;
				CODE_SIGN_IDENTITY = "Apple Development";
				CODE_SIGN_STYLE = Automatic;
				DEVELOPMENT_TEAM = "";
				INFOPLIST_FILE = "$(SRCROOT)/WatchLater-Kirillov/Configuration/Prod/Info.plist";
				IPHONEOS_DEPLOYMENT_TARGET = 12.0;
				LD_RUNPATH_SEARCH_PATHS = (
					"$(inherited)",
					"@executable_path/Frameworks",
				);
				PRODUCT_BUNDLE_IDENTIFIER = "com.technokratos.agona.watch-later-ios-kirillov";
				PRODUCT_NAME = "$(TARGET_NAME)";
				PROVISIONING_PROFILE_SPECIFIER = "";
				SWIFT_VERSION = 5.0;
				TARGETED_DEVICE_FAMILY = 1;
			};
			name = Release;
		};
		30F08015265A8746009B2398 /* Debug */ = {
			isa = XCBuildConfiguration;
			baseConfigurationReference = 044B5A5C6AEF1F1A229742E6 /* Pods-WatchLater-Kirillov_Prod.debug.xcconfig */;
			buildSettings = {
				ASSETCATALOG_COMPILER_APPICON_NAME = AppIcon;
				ASSETCATALOG_COMPILER_GLOBAL_ACCENT_COLOR_NAME = AccentColor;
				CODE_SIGN_IDENTITY = "Apple Development";
				CODE_SIGN_STYLE = Automatic;
				DEVELOPMENT_TEAM = "";
				INFOPLIST_FILE = "$(SRCROOT)/WatchLater-Kirillov/Configuration/Prod/Info.plist";
				IPHONEOS_DEPLOYMENT_TARGET = 12.0;
				LD_RUNPATH_SEARCH_PATHS = (
					"$(inherited)",
					"@executable_path/Frameworks",
				);
				OTHER_SWIFT_FLAGS = "$(inherited) -D COCOAPODS \"-DPROD\"";
				PRODUCT_BUNDLE_IDENTIFIER = "com.technokratos.agona.watch-later-ios-kirillov";
				PRODUCT_NAME = "$(TARGET_NAME)";
				PROVISIONING_PROFILE_SPECIFIER = "";
				SWIFT_VERSION = 5.0;
				TARGETED_DEVICE_FAMILY = 1;
			};
			name = Debug;
		};
		30F08016265A8746009B2398 /* Release */ = {
			isa = XCBuildConfiguration;
			baseConfigurationReference = 5419BD4DCFBC9992434F2C06 /* Pods-WatchLater-Kirillov_Prod.release.xcconfig */;
			buildSettings = {
				ASSETCATALOG_COMPILER_APPICON_NAME = AppIcon;
				ASSETCATALOG_COMPILER_GLOBAL_ACCENT_COLOR_NAME = AccentColor;
				CODE_SIGN_IDENTITY = "iPhone Distribution";
				CODE_SIGN_STYLE = Manual;
				DEVELOPMENT_TEAM = R943ANSZPZ;
				INFOPLIST_FILE = "$(SRCROOT)/WatchLater-Kirillov/Configuration/Prod/Info.plist";
				IPHONEOS_DEPLOYMENT_TARGET = 12.0;
				LD_RUNPATH_SEARCH_PATHS = (
					"$(inherited)",
					"@executable_path/Frameworks",
				);
				OTHER_SWIFT_FLAGS = "$(inherited) -D COCOAPODS \"-DPROD\"";
				PRODUCT_BUNDLE_IDENTIFIER = "com.technokratos.agona.watch-later-ios-kirillov";
				PRODUCT_NAME = "$(TARGET_NAME)";
				PROVISIONING_PROFILE_SPECIFIER = "";
				SWIFT_VERSION = 5.0;
				TARGETED_DEVICE_FAMILY = 1;
			};
			name = Release;
		};
/* End XCBuildConfiguration section */

/* Begin XCConfigurationList section */
		30314CA3265AA9FB00CADD41 /* Build configuration list for PBXNativeTarget "WatchLater-Kirillov_Tests" */ = {
			isa = XCConfigurationList;
			buildConfigurations = (
				30314CA1265AA9FB00CADD41 /* Debug */,
				30314CA2265AA9FB00CADD41 /* Release */,
			);
			defaultConfigurationIsVisible = 0;
			defaultConfigurationName = Release;
		};
		306BF30925FC8F7200E9B481 /* Build configuration list for PBXProject "WatchLater-Kirillov" */ = {
			isa = XCConfigurationList;
			buildConfigurations = (
				306BF32025FC8F7300E9B481 /* Debug */,
				306BF32125FC8F7300E9B481 /* Release */,
			);
			defaultConfigurationIsVisible = 0;
			defaultConfigurationName = Release;
		};
		306BF32225FC8F7300E9B481 /* Build configuration list for PBXNativeTarget "WatchLater-Kirillov_Dev" */ = {
			isa = XCConfigurationList;
			buildConfigurations = (
				306BF32325FC8F7300E9B481 /* Debug */,
				306BF32425FC8F7300E9B481 /* Release */,
			);
			defaultConfigurationIsVisible = 0;
			defaultConfigurationName = Release;
		};
		30F08014265A8746009B2398 /* Build configuration list for PBXNativeTarget "WatchLater-Kirillov_Prod" */ = {
			isa = XCConfigurationList;
			buildConfigurations = (
				30F08015265A8746009B2398 /* Debug */,
				30F08016265A8746009B2398 /* Release */,
			);
			defaultConfigurationIsVisible = 0;
			defaultConfigurationName = Release;
		};
/* End XCConfigurationList section */
	};
	rootObject = 306BF30625FC8F7200E9B481 /* Project object */;
}
