PODS:
  - KeychainSwift (20.0.0)
  - SnapKit (5.0.1)
  - SwiftGen (6.5.1)

DEPENDENCIES:
  - KeychainSwift
  - SnapKit
  - SwiftGen

SPEC REPOS:
  trunk:
    - KeychainSwift
    - SnapKit
    - SwiftGen

SPEC CHECKSUMS:
  KeychainSwift: 0ce6a4d13f7228054d1a71bb1b500448fb2ab837
  SnapKit: 97b92857e3df3a0c71833cce143274bf6ef8e5eb
  SwiftGen: a6d22010845f08fe18fbdf3a07a8e380fd22e0ea

PODFILE CHECKSUM: 26b10020f12510e9dc1712e7c716da1db71985e1

COCOAPODS: 1.11.3
